
Microsoft Visual Studio Solution File, Format Version 12.00
# Visual Studio 15
VisualStudioVersion = 15.0.27130.2020
MinimumVisualStudioVersion = 10.0.40219.1
Project("{FAE04EC0-301F-11D3-BF4B-00C04F79EFBC}") = "SpaceShooterTe16", "SpaceShooterTe16\SpaceShooterTe16.csproj", "{60C129F6-5ED8-479E-9073-6C07FF1A1788}"
EndProject
Global
	GlobalSection(SolutionConfigurationPlatforms) = preSolution
		Debug|x86 = Debug|x86
		Release|x86 = Release|x86
	EndGlobalSection
	GlobalSection(ProjectConfigurationPlatforms) = postSolution
		{60C129F6-5ED8-479E-9073-6C07FF1A1788}.Debug|x86.ActiveCfg = Debug|x86
		{60C129F6-5ED8-479E-9073-6C07FF1A1788}.Debug|x86.Build.0 = Debug|x86
		{60C129F6-5ED8-479E-9073-6C07FF1A1788}.Release|x86.ActiveCfg = Release|x86
		{60C129F6-5ED8-479E-9073-6C07FF1A1788}.Release|x86.Build.0 = Release|x86
	EndGlobalSection
	GlobalSection(SolutionProperties) = preSolution
		HideSolutionNode = FALSE
	EndGlobalSection
	GlobalSection(ExtensibilityGlobals) = postSolution
		SolutionGuid = {1667AFA0-3948-469B-8E9C-973D72ED6453}
	EndGlobalSection
EndGlobal
